{
  "name": "ocerebro",
  "version": "0.1.1",
  "lockfileVersion": 3,
  "requires": true,
  "packages": {
    "": {
      "name": "ocerebro",
      "version": "0.1.1",
      "license": "MIT",
      "bin": {
        "ocerebro": "bin/ocerebro.js"
      },
      "engines": {
        "node": ">=16.0.0"
      }
    }
  }
}
